
Microsoft Visual Studio Solution File, Format Version 12.00
# Visual Studio Version 16
VisualStudioVersion = 16.0.31729.503
MinimumVisualStudioVersion = 10.0.40219.1
Project("{FAE04EC0-301F-11D3-BF4B-00C04F79EFBC}") = "FoodSite", "FoodSite\FoodSite.csproj", "{D83E41D8-6ED3-4E9C-A192-DC513F2F8AF1}"
EndProject
Global
	GlobalSection(SolutionConfigurationPlatforms) = preSolution
		Debug|Any CPU = Debug|Any CPU
		Release|Any CPU = Release|Any CPU
	EndGlobalSection
	GlobalSection(ProjectConfigurationPlatforms) = postSolution
		{D83E41D8-6ED3-4E9C-A192-DC513F2F8AF1}.Debug|Any CPU.ActiveCfg = Debug|Any CPU
		{D83E41D8-6ED3-4E9C-A192-DC513F2F8AF1}.Debug|Any CPU.Build.0 = Debug|Any CPU
		{D83E41D8-6ED3-4E9C-A192-DC513F2F8AF1}.Release|Any CPU.ActiveCfg = Release|Any CPU
		{D83E41D8-6ED3-4E9C-A192-DC513F2F8AF1}.Release|Any CPU.Build.0 = Release|Any CPU
	EndGlobalSection
	GlobalSection(SolutionProperties) = preSolution
		HideSolutionNode = FALSE
	EndGlobalSection
	GlobalSection(ExtensibilityGlobals) = postSolution
		SolutionGuid = {A00582A7-7B55-4165-AB7C-EA9A67AFBA26}
	EndGlobalSection
EndGlobal
