
Microsoft Visual Studio Solution File, Format Version 12.00
# Visual Studio Version 16
VisualStudioVersion = 16.0.31729.503
MinimumVisualStudioVersion = 10.0.40219.1
Project("{FAE04EC0-301F-11D3-BF4B-00C04F79EFBC}") = "FoodSite", "FoodSite\FoodSite.csproj", "{08818411-47E2-4580-B0AF-D8A764690F27}"
EndProject
Global
	GlobalSection(SolutionConfigurationPlatforms) = preSolution
		Debug|Any CPU = Debug|Any CPU
		Release|Any CPU = Release|Any CPU
	EndGlobalSection
	GlobalSection(ProjectConfigurationPlatforms) = postSolution
		{08818411-47E2-4580-B0AF-D8A764690F27}.Debug|Any CPU.ActiveCfg = Debug|Any CPU
		{08818411-47E2-4580-B0AF-D8A764690F27}.Debug|Any CPU.Build.0 = Debug|Any CPU
		{08818411-47E2-4580-B0AF-D8A764690F27}.Release|Any CPU.ActiveCfg = Release|Any CPU
		{08818411-47E2-4580-B0AF-D8A764690F27}.Release|Any CPU.Build.0 = Release|Any CPU
	EndGlobalSection
	GlobalSection(SolutionProperties) = preSolution
		HideSolutionNode = FALSE
	EndGlobalSection
	GlobalSection(ExtensibilityGlobals) = postSolution
		SolutionGuid = {76AFF2F1-C4E8-426E-B4FB-98267C13BF81}
	EndGlobalSection
EndGlobal
